{
    "name": "mern-forms",
    "version": "0.0.0",
    "lockfileVersion": 3,
    "requires": true,
    "packages": {
        "": {
            "name": "mern-forms",
            "version": "0.0.0",
            "dependencies": {
                "mern-forms": "file:"
            }
        },
        "node_modules/mern-forms": {
            "resolved": "",
            "link": true
        }
    }
}
